<?xml version="1.0" encoding="utf-8"?>
<Project ToolsVersion="4.0" xmlns="http://schemas.microsoft.com/developer/msbuild/2003">
  <ItemGroup>
    <Filter Include="Исходные файлы">
      <UniqueIdentifier>{4FC737F1-C7A5-4376-A066-2A32D752A2FF}</UniqueIdentifier>
      <Extensions>cpp;c;cc;cxx;def;odl;idl;hpj;bat;asm;asmx</Extensions>
    </Filter>
    <Filter Include="Файлы заголовков">
      <UniqueIdentifier>{93995380-89BD-4b04-88EB-625FBE52EBFB}</UniqueIdentifier>
      <Extensions>h;hh;hpp;hxx;hm;inl;inc;ipp;xsd</Extensions>
    </Filter>
    <Filter Include="Файлы ресурсов">
      <UniqueIdentifier>{67DA6AB6-F800-4c08-8B7A-83BB121AAD01}</UniqueIdentifier>
      <Extensions>rc;ico;cur;bmp;dlg;rc2;rct;bin;rgs;gif;jpg;jpeg;jpe;resx;tiff;tif;png;wav;mfcribbon-ms</Extensions>
    </Filter>
    <Filter Include="Файлы заголовков\matrix">
      <UniqueIdentifier>{4520a562-82b1-49cc-be43-c1d1f012957c}</UniqueIdentifier>
    </Filter>
    <Filter Include="Файлы заголовков\data">
      <UniqueIdentifier>{2d6d827e-065b-4c23-8b9c-52b195ec5c0d}</UniqueIdentifier>
    </Filter>
  </ItemGroup>
  <ItemGroup>
    <ClInclude Include="stdafx.h">
      <Filter>Файлы заголовков</Filter>
    </ClInclude>
    <ClInclude Include="targetver.h">
      <Filter>Файлы заголовков</Filter>
    </ClInclude>
    <ClInclude Include="resource.h">
      <Filter>Файлы заголовков</Filter>
    </ClInclude>
    <ClInclude Include="cmatrix4.h">
      <Filter>Файлы заголовков\matrix</Filter>
    </ClInclude>
    <ClInclude Include="cmatrix4m.h">
      <Filter>Файлы заголовков\matrix</Filter>
    </ClInclude>
    <ClInclude Include="ilmatrix4.h">
      <Filter>Файлы заголовков\matrix</Filter>
    </ClInclude>
    <ClInclude Include="lmatrix4.h">
      <Filter>Файлы заголовков\matrix</Filter>
    </ClInclude>
    <ClInclude Include="lmatrix4m.h">
      <Filter>Файлы заголовков\matrix</Filter>
    </ClInclude>
    <ClInclude Include="matrix4.h">
      <Filter>Файлы заголовков\matrix</Filter>
    </ClInclude>
    <ClInclude Include="_matrix4.h">
      <Filter>Файлы заголовков\matrix</Filter>
    </ClInclude>
    <ClInclude Include="icmatrix4.h">
      <Filter>Файлы заголовков\matrix</Filter>
    </ClInclude>
    <ClInclude Include="matrix.h">
      <Filter>Файлы заголовков\matrix</Filter>
    </ClInclude>
    <ClInclude Include="citizen.h">
      <Filter>Файлы заголовков\data</Filter>
    </ClInclude>
    <ClInclude Include="gender.h">
      <Filter>Файлы заголовков\data</Filter>
    </ClInclude>
  </ItemGroup>
  <ItemGroup>
    <ClCompile Include="stdafx.cpp">
      <Filter>Исходные файлы</Filter>
    </ClCompile>
    <ClCompile Include="citizen.cpp">
      <Filter>Исходные файлы</Filter>
    </ClCompile>
    <ClCompile Include="main.cpp">
      <Filter>Исходные файлы</Filter>
    </ClCompile>
  </ItemGroup>
</Project>